# THIS IS AN AUTOGENERATED FILE. DO NOT EDIT THIS FILE DIRECTLY.
# yarn lockfile v1


adler-32@~1.2.0:
  version "1.2.0"
  resolved "https://registry.npm.taobao.org/adler-32/download/adler-32-1.2.0.tgz#6a3e6bf0a63900ba15652808cb15c6813d1a5f25"
  integrity sha1-aj5r8KY5ALoVZSgIyxXGgT0aXyU=
  dependencies:
    exit-on-epipe "~1.0.1"
    printj "~1.1.0"

axios@^0.21.1:
  version "0.21.1"
  resolved "https://registry.npm.taobao.org/axios/download/axios-0.21.1.tgz#22563481962f4d6bde9a76d516ef0e5d3c09b2b8"
  integrity sha1-IlY0gZYvTWvemnbVFu8OXTwJsrg=
  dependencies:
    follow-redirects "^1.10.0"

boolbase@^1.0.0:
  version "1.0.0"
  resolved "https://registry.npm.taobao.org/boolbase/download/boolbase-1.0.0.tgz#68dff5fbe60c51eb37725ea9e3ed310dcc1e776e"
  integrity sha1-aN/1++YMUes3cl6p4+0xDcwed24=

cfb@^1.1.4:
  version "1.2.0"
  resolved "https://registry.npm.taobao.org/cfb/download/cfb-1.2.0.tgz#6a4d0872b525ed60349e1ef51fb4b0bf73eca9a8"
  integrity sha1-ak0IcrUl7WA0nh71H7Swv3Psqag=
  dependencies:
    adler-32 "~1.2.0"
    crc-32 "~1.2.0"
    printj "~1.1.2"

cheerio-select-tmp@^0.1.0:
  version "0.1.1"
  resolved "https://registry.npm.taobao.org/cheerio-select-tmp/download/cheerio-select-tmp-0.1.1.tgz#55bbef02a4771710195ad736d5e346763ca4e646"
  integrity sha1-VbvvAqR3FxAZWtc21eNGdjyk5kY=
  dependencies:
    css-select "^3.1.2"
    css-what "^4.0.0"
    domelementtype "^2.1.0"
    domhandler "^4.0.0"
    domutils "^2.4.4"

cheerio@^1.0.0-rc.5:
  version "1.0.0-rc.5"
  resolved "https://registry.npm.taobao.org/cheerio/download/cheerio-1.0.0-rc.5.tgz#88907e1828674e8f9fee375188b27dadd4f0fa2f"
  integrity sha1-iJB+GChnTo+f7jdRiLJ9rdTw+i8=
  dependencies:
    cheerio-select-tmp "^0.1.0"
    dom-serializer "~1.2.0"
    domhandler "^4.0.0"
    entities "~2.1.0"
    htmlparser2 "^6.0.0"
    parse5 "^6.0.0"
    parse5-htmlparser2-tree-adapter "^6.0.0"

codepage@~1.14.0:
  version "1.14.0"
  resolved "https://registry.npm.taobao.org/codepage/download/codepage-1.14.0.tgz#8cbe25481323559d7d307571b0fff91e7a1d2f99"
  integrity sha1-jL4lSBMjVZ19MHVxsP/5HnodL5k=
  dependencies:
    commander "~2.14.1"
    exit-on-epipe "~1.0.1"

commander@~2.14.1:
  version "2.14.1"
  resolved "https://registry.npm.taobao.org/commander/download/commander-2.14.1.tgz?cache=0&sync_timestamp=1607933602027&other_urls=https%3A%2F%2Fregistry.npm.taobao.org%2Fcommander%2Fdownload%2Fcommander-2.14.1.tgz#2235123e37af8ca3c65df45b026dbd357b01b9aa"
  integrity sha1-IjUSPjevjKPGXfRbAm29NXsBuao=

commander@~2.17.1:
  version "2.17.1"
  resolved "https://registry.npm.taobao.org/commander/download/commander-2.17.1.tgz?cache=0&sync_timestamp=1607933602027&other_urls=https%3A%2F%2Fregistry.npm.taobao.org%2Fcommander%2Fdownload%2Fcommander-2.17.1.tgz#bd77ab7de6de94205ceacc72f1716d29f20a77bf"
  integrity sha1-vXerfebelCBc6sxy8XFtKfIKd78=

crc-32@~1.2.0:
  version "1.2.0"
  resolved "https://registry.npm.taobao.org/crc-32/download/crc-32-1.2.0.tgz#cb2db6e29b88508e32d9dd0ec1693e7b41a18208"
  integrity sha1-yy224puIUI4y2d0OwWk+e0Ghggg=
  dependencies:
    exit-on-epipe "~1.0.1"
    printj "~1.1.0"

css-select@^3.1.2:
  version "3.1.2"
  resolved "https://registry.npm.taobao.org/css-select/download/css-select-3.1.2.tgz#d52cbdc6fee379fba97fb0d3925abbd18af2d9d8"
  integrity sha1-1Sy9xv7jefupf7DTklq70Yry2dg=
  dependencies:
    boolbase "^1.0.0"
    css-what "^4.0.0"
    domhandler "^4.0.0"
    domutils "^2.4.3"
    nth-check "^2.0.0"

css-what@^4.0.0:
  version "4.0.0"
  resolved "https://registry.npm.taobao.org/css-what/download/css-what-4.0.0.tgz#35e73761cab2eeb3d3661126b23d7aa0e8432233"
  integrity sha1-Nec3Ycqy7rPTZhEmsj16oOhDIjM=

dom-serializer@^1.0.1, dom-serializer@~1.2.0:
  version "1.2.0"
  resolved "https://registry.npm.taobao.org/dom-serializer/download/dom-serializer-1.2.0.tgz?cache=0&sync_timestamp=1607193036175&other_urls=https%3A%2F%2Fregistry.npm.taobao.org%2Fdom-serializer%2Fdownload%2Fdom-serializer-1.2.0.tgz#3433d9136aeb3c627981daa385fc7f32d27c48f1"
  integrity sha1-NDPZE2rrPGJ5gdqjhfx/MtJ8SPE=
  dependencies:
    domelementtype "^2.0.1"
    domhandler "^4.0.0"
    entities "^2.0.0"

domelementtype@^2.0.1, domelementtype@^2.1.0:
  version "2.1.0"
  resolved "https://registry.npm.taobao.org/domelementtype/download/domelementtype-2.1.0.tgz?cache=0&sync_timestamp=1606866004215&other_urls=https%3A%2F%2Fregistry.npm.taobao.org%2Fdomelementtype%2Fdownload%2Fdomelementtype-2.1.0.tgz#a851c080a6d1c3d94344aed151d99f669edf585e"
  integrity sha1-qFHAgKbRw9lDRK7RUdmfZp7fWF4=

domhandler@^4.0.0:
  version "4.0.0"
  resolved "https://registry.npm.taobao.org/domhandler/download/domhandler-4.0.0.tgz?cache=0&sync_timestamp=1606872205374&other_urls=https%3A%2F%2Fregistry.npm.taobao.org%2Fdomhandler%2Fdownload%2Fdomhandler-4.0.0.tgz#01ea7821de996d85f69029e81fa873c21833098e"
  integrity sha1-Aep4Id6ZbYX2kCnoH6hzwhgzCY4=
  dependencies:
    domelementtype "^2.1.0"

domutils@^2.4.3, domutils@^2.4.4:
  version "2.4.4"
  resolved "https://registry.npm.taobao.org/domutils/download/domutils-2.4.4.tgz?cache=0&sync_timestamp=1607393052726&other_urls=https%3A%2F%2Fregistry.npm.taobao.org%2Fdomutils%2Fdownload%2Fdomutils-2.4.4.tgz#282739c4b150d022d34699797369aad8d19bbbd3"
  integrity sha1-KCc5xLFQ0CLTRpl5c2mq2NGbu9M=
  dependencies:
    dom-serializer "^1.0.1"
    domelementtype "^2.0.1"
    domhandler "^4.0.0"

entities@^2.0.0, entities@~2.1.0:
  version "2.1.0"
  resolved "https://registry.npm.taobao.org/entities/download/entities-2.1.0.tgz?cache=0&sync_timestamp=1602897073097&other_urls=https%3A%2F%2Fregistry.npm.taobao.org%2Fentities%2Fdownload%2Fentities-2.1.0.tgz#992d3129cf7df6870b96c57858c249a120f8b8b5"
  integrity sha1-mS0xKc999ocLlsV4WMJJoSD4uLU=

exit-on-epipe@~1.0.1:
  version "1.0.1"
  resolved "https://registry.npm.taobao.org/exit-on-epipe/download/exit-on-epipe-1.0.1.tgz#0bdd92e87d5285d267daa8171d0eb06159689692"
  integrity sha1-C92S6H1ShdJn2qgXHQ6wYVlolpI=

fflate@^0.3.8:
  version "0.3.11"
  resolved "https://registry.npm.taobao.org/fflate/download/fflate-0.3.11.tgz?cache=0&sync_timestamp=1609414236688&other_urls=https%3A%2F%2Fregistry.npm.taobao.org%2Ffflate%2Fdownload%2Ffflate-0.3.11.tgz#2c440d7180fdeb819e64898d8858af327b042a5d"
  integrity sha1-LEQNcYD964GeZImNiFivMnsEKl0=

follow-redirects@^1.10.0:
  version "1.13.1"
  resolved "https://registry.npm.taobao.org/follow-redirects/download/follow-redirects-1.13.1.tgz?cache=0&sync_timestamp=1607916846877&other_urls=https%3A%2F%2Fregistry.npm.taobao.org%2Ffollow-redirects%2Fdownload%2Ffollow-redirects-1.13.1.tgz#5f69b813376cee4fd0474a3aba835df04ab763b7"
  integrity sha1-X2m4Ezds7k/QR0o6uoNd8Eq3Y7c=

frac@~1.1.2:
  version "1.1.2"
  resolved "https://registry.npm.taobao.org/frac/download/frac-1.1.2.tgz#3d74f7f6478c88a1b5020306d747dc6313c74d0b"
  integrity sha1-PXT39keMiKG1AgMG10fcYxPHTQs=

htmlparser2@^6.0.0:
  version "6.0.0"
  resolved "https://registry.npm.taobao.org/htmlparser2/download/htmlparser2-6.0.0.tgz?cache=0&sync_timestamp=1607394274032&other_urls=https%3A%2F%2Fregistry.npm.taobao.org%2Fhtmlparser2%2Fdownload%2Fhtmlparser2-6.0.0.tgz#c2da005030390908ca4c91e5629e418e0665ac01"
  integrity sha1-wtoAUDA5CQjKTJHlYp5BjgZlrAE=
  dependencies:
    domelementtype "^2.0.1"
    domhandler "^4.0.0"
    domutils "^2.4.4"
    entities "^2.0.0"

nth-check@^2.0.0:
  version "2.0.0"
  resolved "https://registry.npm.taobao.org/nth-check/download/nth-check-2.0.0.tgz?cache=0&sync_timestamp=1606860690670&other_urls=https%3A%2F%2Fregistry.npm.taobao.org%2Fnth-check%2Fdownload%2Fnth-check-2.0.0.tgz#1bb4f6dac70072fc313e8c9cd1417b5074c0a125"
  integrity sha1-G7T22scAcvwxPoyc0UF7UHTAoSU=
  dependencies:
    boolbase "^1.0.0"

parse5-htmlparser2-tree-adapter@^6.0.0:
  version "6.0.1"
  resolved "https://registry.npm.taobao.org/parse5-htmlparser2-tree-adapter/download/parse5-htmlparser2-tree-adapter-6.0.1.tgz#2cdf9ad823321140370d4dbf5d3e92c7c8ddc6e6"
  integrity sha1-LN+a2CMyEUA3DU2/XT6Sx8jdxuY=
  dependencies:
    parse5 "^6.0.1"

parse5@^6.0.0, parse5@^6.0.1:
  version "6.0.1"
  resolved "https://registry.npm.taobao.org/parse5/download/parse5-6.0.1.tgz#e1a1c085c569b3dc08321184f19a39cc27f7c30b"
  integrity sha1-4aHAhcVps9wIMhGE8Zo5zCf3wws=

printj@~1.1.0, printj@~1.1.2:
  version "1.1.2"
  resolved "https://registry.npm.taobao.org/printj/download/printj-1.1.2.tgz#d90deb2975a8b9f600fb3a1c94e3f4c53c78a222"
  integrity sha1-2Q3rKXWoufYA+zoclOP0xTx4oiI=

ssf@~0.11.2:
  version "0.11.2"
  resolved "https://registry.npm.taobao.org/ssf/download/ssf-0.11.2.tgz#0b99698b237548d088fc43cdf2b70c1a7512c06c"
  integrity sha1-C5lpiyN1SNCI/EPN8rcMGnUSwGw=
  dependencies:
    frac "~1.1.2"

wmf@~1.0.1:
  version "1.0.2"
  resolved "https://registry.npm.taobao.org/wmf/download/wmf-1.0.2.tgz#7d19d621071a08c2bdc6b7e688a9c435298cc2da"
  integrity sha1-fRnWIQcaCMK9xrfmiKnENSmMwto=

word@~0.3.0:
  version "0.3.0"
  resolved "https://registry.npm.taobao.org/word/download/word-0.3.0.tgz#8542157e4f8e849f4a363a288992d47612db9961"
  integrity sha1-hUIVfk+OhJ9KNjooiZLUdhLbmWE=

xlsx@^0.16.9:
  version "0.16.9"
  resolved "https://registry.npm.taobao.org/xlsx/download/xlsx-0.16.9.tgz#dacd5bb46bda6dd3743940c9c3dc1e2171826256"
  integrity sha1-2s1btGvabdN0OUDJw9weIXGCYlY=
  dependencies:
    adler-32 "~1.2.0"
    cfb "^1.1.4"
    codepage "~1.14.0"
    commander "~2.17.1"
    crc-32 "~1.2.0"
    exit-on-epipe "~1.0.1"
    fflate "^0.3.8"
    ssf "~0.11.2"
    wmf "~1.0.1"
    word "~0.3.0"
